
Microsoft Visual Studio Solution File, Format Version 12.00
# Visual Studio 15
VisualStudioVersion = 15.0.28010.2048
MinimumVisualStudioVersion = 10.0.40219.1
Project("{9A19103F-16F7-4668-BE54-9A1E7A4F7556}") = "VehicleRegistry.Core", "VehicleRegistry.Core\VehicleRegistry.Core.csproj", "{A0126E8E-CBD4-4D2A-B711-D937497DEC6D}"
EndProject
Project("{9A19103F-16F7-4668-BE54-9A1E7A4F7556}") = "VehicleRegistry.Web", "VehicleRegistry.Web\VehicleRegistry.Web.csproj", "{1A5FA816-4EB4-4069-A3A9-2DA1E4C76861}"
EndProject
Project("{9A19103F-16F7-4668-BE54-9A1E7A4F7556}") = "VehicleRegistry.Razor.Web", "VehicleRegistry.Razor.Web\VehicleRegistry.Razor.Web.csproj", "{25EAC2D7-6D6D-4EDF-885D-73413C1C0422}"
EndProject
Global
	GlobalSection(SolutionConfigurationPlatforms) = preSolution
		Debug|Any CPU = Debug|Any CPU
		Release|Any CPU = Release|Any CPU
	EndGlobalSection
	GlobalSection(ProjectConfigurationPlatforms) = postSolution
		{A0126E8E-CBD4-4D2A-B711-D937497DEC6D}.Debug|Any CPU.ActiveCfg = Debug|Any CPU
		{A0126E8E-CBD4-4D2A-B711-D937497DEC6D}.Debug|Any CPU.Build.0 = Debug|Any CPU
		{A0126E8E-CBD4-4D2A-B711-D937497DEC6D}.Release|Any CPU.ActiveCfg = Release|Any CPU
		{A0126E8E-CBD4-4D2A-B711-D937497DEC6D}.Release|Any CPU.Build.0 = Release|Any CPU
		{1A5FA816-4EB4-4069-A3A9-2DA1E4C76861}.Debug|Any CPU.ActiveCfg = Debug|Any CPU
		{1A5FA816-4EB4-4069-A3A9-2DA1E4C76861}.Debug|Any CPU.Build.0 = Debug|Any CPU
		{1A5FA816-4EB4-4069-A3A9-2DA1E4C76861}.Release|Any CPU.ActiveCfg = Release|Any CPU
		{1A5FA816-4EB4-4069-A3A9-2DA1E4C76861}.Release|Any CPU.Build.0 = Release|Any CPU
		{25EAC2D7-6D6D-4EDF-885D-73413C1C0422}.Debug|Any CPU.ActiveCfg = Debug|Any CPU
		{25EAC2D7-6D6D-4EDF-885D-73413C1C0422}.Debug|Any CPU.Build.0 = Debug|Any CPU
		{25EAC2D7-6D6D-4EDF-885D-73413C1C0422}.Release|Any CPU.ActiveCfg = Release|Any CPU
		{25EAC2D7-6D6D-4EDF-885D-73413C1C0422}.Release|Any CPU.Build.0 = Release|Any CPU
	EndGlobalSection
	GlobalSection(SolutionProperties) = preSolution
		HideSolutionNode = FALSE
	EndGlobalSection
	GlobalSection(ExtensibilityGlobals) = postSolution
		SolutionGuid = {E6FF3EE0-FFA3-42AC-9FAE-BEED0CF85398}
	EndGlobalSection
EndGlobal
